// !$*UTF8*$!
{
	archiveVersion = 1;
	classes = {
	};
	objectVersion = 48;
	objects = {

/* Begin PBXBuildFile section */
		2433384E1FD36CD500967288 /* HomeViewController.swift in Sources */ = {isa = PBXBuildFile; fileRef = 2433384D1FD36CD500967288 /* HomeViewController.swift */; };
		243338501FD3764500967288 /* MainTableViewCell.swift in Sources */ = {isa = PBXBuildFile; fileRef = 2433384F1FD3764500967288 /* MainTableViewCell.swift */; };
		243550AF20556B950007E21D /* Globals.swift in Sources */ = {isa = PBXBuildFile; fileRef = 243550AE20556B950007E21D /* Globals.swift */; };
		245E18E4209680FA008B7E5A /* AudioPlayer.swift in Sources */ = {isa = PBXBuildFile; fileRef = 245E18E3209680FA008B7E5A /* AudioPlayer.swift */; };
		246AAC381FDE15BE00E2E708 /* Utility.swift in Sources */ = {isa = PBXBuildFile; fileRef = 246AAC371FDE15BD00E2E708 /* Utility.swift */; };
		246AAC3A1FDE172800E2E708 /* Article.swift in Sources */ = {isa = PBXBuildFile; fileRef = 246AAC391FDE172800E2E708 /* Article.swift */; };
		247F149720061F4F00C2D686 /* ShareViewController.swift in Sources */ = {isa = PBXBuildFile; fileRef = 247F149620061F4F00C2D686 /* ShareViewController.swift */; };
		247F149A20061F4F00C2D686 /* MainInterface.storyboard in Resources */ = {isa = PBXBuildFile; fileRef = 247F149820061F4F00C2D686 /* MainInterface.storyboard */; };
		247F149E20061F4F00C2D686 /* MilliShare.appex in Embed App Extensions */ = {isa = PBXBuildFile; fileRef = 247F149420061F4F00C2D686 /* MilliShare.appex */; settings = {ATTRIBUTES = (RemoveHeadersOnCopy, ); }; };
		247F703B1FC2C8460072C3CE /* AppDelegate.swift in Sources */ = {isa = PBXBuildFile; fileRef = 247F703A1FC2C8460072C3CE /* AppDelegate.swift */; };
		247F70401FC2C8460072C3CE /* Main.storyboard in Resources */ = {isa = PBXBuildFile; fileRef = 247F703E1FC2C8460072C3CE /* Main.storyboard */; };
		247F70421FC2C8460072C3CE /* Assets.xcassets in Resources */ = {isa = PBXBuildFile; fileRef = 247F70411FC2C8460072C3CE /* Assets.xcassets */; };
		247F70451FC2C8460072C3CE /* LaunchScreen.storyboard in Resources */ = {isa = PBXBuildFile; fileRef = 247F70431FC2C8460072C3CE /* LaunchScreen.storyboard */; };
		247F70501FC2C8460072C3CE /* MilliTests.swift in Sources */ = {isa = PBXBuildFile; fileRef = 247F704F1FC2C8460072C3CE /* MilliTests.swift */; };
		247F705B1FC2C8460072C3CE /* MilliUITests.swift in Sources */ = {isa = PBXBuildFile; fileRef = 247F705A1FC2C8460072C3CE /* MilliUITests.swift */; };
		24A11BBC2030FB340073EB95 /* AWSClient.swift in Sources */ = {isa = PBXBuildFile; fileRef = 24A11BBB2030FB340073EB95 /* AWSClient.swift */; };
		67FBC24C2096713A00D910D2 /* Assets.xcassets in Resources */ = {isa = PBXBuildFile; fileRef = 247F70411FC2C8460072C3CE /* Assets.xcassets */; };
/* End PBXBuildFile section */

/* Begin PBXContainerItemProxy section */
		247F149C20061F4F00C2D686 /* PBXContainerItemProxy */ = {
			isa = PBXContainerItemProxy;
			containerPortal = 247F702F1FC2C8460072C3CE /* Project object */;
			proxyType = 1;
			remoteGlobalIDString = 247F149320061F4F00C2D686;
			remoteInfo = MilliShare;
		};
		247F704C1FC2C8460072C3CE /* PBXContainerItemProxy */ = {
			isa = PBXContainerItemProxy;
			containerPortal = 247F702F1FC2C8460072C3CE /* Project object */;
			proxyType = 1;
			remoteGlobalIDString = 247F70361FC2C8460072C3CE;
			remoteInfo = Milli;
		};
		247F70571FC2C8460072C3CE /* PBXContainerItemProxy */ = {
			isa = PBXContainerItemProxy;
			containerPortal = 247F702F1FC2C8460072C3CE /* Project object */;
			proxyType = 1;
			remoteGlobalIDString = 247F70361FC2C8460072C3CE;
			remoteInfo = Milli;
		};
/* End PBXContainerItemProxy section */

/* Begin PBXCopyFilesBuildPhase section */
		247F14A220061F4F00C2D686 /* Embed App Extensions */ = {
			isa = PBXCopyFilesBuildPhase;
			buildActionMask = 2147483647;
			dstPath = "";
			dstSubfolderSpec = 13;
			files = (
				247F149E20061F4F00C2D686 /* MilliShare.appex in Embed App Extensions */,
			);
			name = "Embed App Extensions";
			runOnlyForDeploymentPostprocessing = 0;
		};
/* End PBXCopyFilesBuildPhase section */

/* Begin PBXFileReference section */
		2433384D1FD36CD500967288 /* HomeViewController.swift */ = {isa = PBXFileReference; lastKnownFileType = sourcecode.swift; path = HomeViewController.swift; sourceTree = "<group>"; };
		2433384F1FD3764500967288 /* MainTableViewCell.swift */ = {isa = PBXFileReference; lastKnownFileType = sourcecode.swift; path = MainTableViewCell.swift; sourceTree = "<group>"; };
		243550AE20556B950007E21D /* Globals.swift */ = {isa = PBXFileReference; lastKnownFileType = sourcecode.swift; path = Globals.swift; sourceTree = "<group>"; };
		245E18E3209680FA008B7E5A /* AudioPlayer.swift */ = {isa = PBXFileReference; lastKnownFileType = sourcecode.swift; path = AudioPlayer.swift; sourceTree = "<group>"; };
		246AAC371FDE15BD00E2E708 /* Utility.swift */ = {isa = PBXFileReference; lastKnownFileType = sourcecode.swift; path = Utility.swift; sourceTree = "<group>"; };
		246AAC391FDE172800E2E708 /* Article.swift */ = {isa = PBXFileReference; lastKnownFileType = sourcecode.swift; path = Article.swift; sourceTree = "<group>"; };
		247F149420061F4F00C2D686 /* MilliShare.appex */ = {isa = PBXFileReference; explicitFileType = "wrapper.app-extension"; includeInIndex = 0; path = MilliShare.appex; sourceTree = BUILT_PRODUCTS_DIR; };
		247F149620061F4F00C2D686 /* ShareViewController.swift */ = {isa = PBXFileReference; lastKnownFileType = sourcecode.swift; path = ShareViewController.swift; sourceTree = "<group>"; };
		247F149920061F4F00C2D686 /* Base */ = {isa = PBXFileReference; lastKnownFileType = file.storyboard; name = Base; path = Base.lproj/MainInterface.storyboard; sourceTree = "<group>"; };
		247F149B20061F4F00C2D686 /* Info.plist */ = {isa = PBXFileReference; lastKnownFileType = text.plist.xml; path = Info.plist; sourceTree = "<group>"; };
		247F14A320067B7F00C2D686 /* Milli-Bridging-Header.h */ = {isa = PBXFileReference; lastKnownFileType = sourcecode.c.h; path = "Milli-Bridging-Header.h"; sourceTree = "<group>"; };
		247F14A4200A5D0B00C2D686 /* MilliShare.entitlements */ = {isa = PBXFileReference; lastKnownFileType = text.plist.entitlements; path = MilliShare.entitlements; sourceTree = "<group>"; };
		247F14A5200A5F4000C2D686 /* Milli.entitlements */ = {isa = PBXFileReference; lastKnownFileType = text.plist.entitlements; path = Milli.entitlements; sourceTree = "<group>"; };
		247F70371FC2C8460072C3CE /* Milli.app */ = {isa = PBXFileReference; explicitFileType = wrapper.application; includeInIndex = 0; path = Milli.app; sourceTree = BUILT_PRODUCTS_DIR; };
		247F703A1FC2C8460072C3CE /* AppDelegate.swift */ = {isa = PBXFileReference; lastKnownFileType = sourcecode.swift; path = AppDelegate.swift; sourceTree = "<group>"; };
		247F703F1FC2C8460072C3CE /* Base */ = {isa = PBXFileReference; lastKnownFileType = file.storyboard; name = Base; path = Base.lproj/Main.storyboard; sourceTree = "<group>"; };
		247F70411FC2C8460072C3CE /* Assets.xcassets */ = {isa = PBXFileReference; lastKnownFileType = folder.assetcatalog; path = Assets.xcassets; sourceTree = "<group>"; };
		247F70441FC2C8460072C3CE /* Base */ = {isa = PBXFileReference; lastKnownFileType = file.storyboard; name = Base; path = Base.lproj/LaunchScreen.storyboard; sourceTree = "<group>"; };
		247F70461FC2C8460072C3CE /* Info.plist */ = {isa = PBXFileReference; lastKnownFileType = text.plist.xml; path = Info.plist; sourceTree = "<group>"; };
		247F704B1FC2C8460072C3CE /* MilliTests.xctest */ = {isa = PBXFileReference; explicitFileType = wrapper.cfbundle; includeInIndex = 0; path = MilliTests.xctest; sourceTree = BUILT_PRODUCTS_DIR; };
		247F704F1FC2C8460072C3CE /* MilliTests.swift */ = {isa = PBXFileReference; lastKnownFileType = sourcecode.swift; path = MilliTests.swift; sourceTree = "<group>"; };
		247F70511FC2C8460072C3CE /* Info.plist */ = {isa = PBXFileReference; lastKnownFileType = text.plist.xml; path = Info.plist; sourceTree = "<group>"; };
		247F70561FC2C8460072C3CE /* MilliUITests.xctest */ = {isa = PBXFileReference; explicitFileType = wrapper.cfbundle; includeInIndex = 0; path = MilliUITests.xctest; sourceTree = BUILT_PRODUCTS_DIR; };
		247F705A1FC2C8460072C3CE /* MilliUITests.swift */ = {isa = PBXFileReference; lastKnownFileType = sourcecode.swift; path = MilliUITests.swift; sourceTree = "<group>"; };
		247F705C1FC2C8460072C3CE /* Info.plist */ = {isa = PBXFileReference; lastKnownFileType = text.plist.xml; path = Info.plist; sourceTree = "<group>"; };
		24A11BBB2030FB340073EB95 /* AWSClient.swift */ = {isa = PBXFileReference; lastKnownFileType = sourcecode.swift; path = AWSClient.swift; sourceTree = "<group>"; };
/* End PBXFileReference section */

/* Begin PBXFrameworksBuildPhase section */
		247F149120061F4F00C2D686 /* Frameworks */ = {
			isa = PBXFrameworksBuildPhase;
			buildActionMask = 2147483647;
			files = (
			);
			runOnlyForDeploymentPostprocessing = 0;
		};
		247F70341FC2C8460072C3CE /* Frameworks */ = {
			isa = PBXFrameworksBuildPhase;
			buildActionMask = 2147483647;
			files = (
			);
			runOnlyForDeploymentPostprocessing = 0;
		};
		247F70481FC2C8460072C3CE /* Frameworks */ = {
			isa = PBXFrameworksBuildPhase;
			buildActionMask = 2147483647;
			files = (
			);
			runOnlyForDeploymentPostprocessing = 0;
		};
		247F70531FC2C8460072C3CE /* Frameworks */ = {
			isa = PBXFrameworksBuildPhase;
			buildActionMask = 2147483647;
			files = (
			);
			runOnlyForDeploymentPostprocessing = 0;
		};
/* End PBXFrameworksBuildPhase section */

/* Begin PBXGroup section */
		247F149520061F4F00C2D686 /* MilliShare */ = {
			isa = PBXGroup;
			children = (
				247F14A4200A5D0B00C2D686 /* MilliShare.entitlements */,
				247F149620061F4F00C2D686 /* ShareViewController.swift */,
				247F149820061F4F00C2D686 /* MainInterface.storyboard */,
				247F149B20061F4F00C2D686 /* Info.plist */,
			);
			path = MilliShare;
			sourceTree = "<group>";
		};
		247F702E1FC2C8460072C3CE = {
			isa = PBXGroup;
			children = (
				247F70391FC2C8460072C3CE /* Milli */,
				247F704E1FC2C8460072C3CE /* MilliTests */,
				247F70591FC2C8460072C3CE /* MilliUITests */,
				247F149520061F4F00C2D686 /* MilliShare */,
				247F70381FC2C8460072C3CE /* Products */,
			);
			sourceTree = "<group>";
		};
		247F70381FC2C8460072C3CE /* Products */ = {
			isa = PBXGroup;
			children = (
				247F70371FC2C8460072C3CE /* Milli.app */,
				247F704B1FC2C8460072C3CE /* MilliTests.xctest */,
				247F70561FC2C8460072C3CE /* MilliUITests.xctest */,
				247F149420061F4F00C2D686 /* MilliShare.appex */,
			);
			name = Products;
			sourceTree = "<group>";
		};
		247F70391FC2C8460072C3CE /* Milli */ = {
			isa = PBXGroup;
			children = (
				247F14A5200A5F4000C2D686 /* Milli.entitlements */,
				247F703A1FC2C8460072C3CE /* AppDelegate.swift */,
				246AAC391FDE172800E2E708 /* Article.swift */,
				245E18E3209680FA008B7E5A /* AudioPlayer.swift */,
				24A11BBB2030FB340073EB95 /* AWSClient.swift */,
				2433384D1FD36CD500967288 /* HomeViewController.swift */,
				2433384F1FD3764500967288 /* MainTableViewCell.swift */,
				243550AE20556B950007E21D /* Globals.swift */,
				246AAC371FDE15BD00E2E708 /* Utility.swift */,
				247F70431FC2C8460072C3CE /* LaunchScreen.storyboard */,
				247F703E1FC2C8460072C3CE /* Main.storyboard */,
				247F70461FC2C8460072C3CE /* Info.plist */,
				247F14A320067B7F00C2D686 /* Milli-Bridging-Header.h */,
				247F70411FC2C8460072C3CE /* Assets.xcassets */,
			);
			path = Milli;
			sourceTree = "<group>";
		};
		247F704E1FC2C8460072C3CE /* MilliTests */ = {
			isa = PBXGroup;
			children = (
				247F704F1FC2C8460072C3CE /* MilliTests.swift */,
				247F70511FC2C8460072C3CE /* Info.plist */,
			);
			path = MilliTests;
			sourceTree = "<group>";
		};
		247F70591FC2C8460072C3CE /* MilliUITests */ = {
			isa = PBXGroup;
			children = (
				247F705A1FC2C8460072C3CE /* MilliUITests.swift */,
				247F705C1FC2C8460072C3CE /* Info.plist */,
			);
			path = MilliUITests;
			sourceTree = "<group>";
		};
/* End PBXGroup section */

/* Begin PBXNativeTarget section */
		247F149320061F4F00C2D686 /* MilliShare */ = {
			isa = PBXNativeTarget;
			buildConfigurationList = 247F149F20061F4F00C2D686 /* Build configuration list for PBXNativeTarget "MilliShare" */;
			buildPhases = (
				247F149020061F4F00C2D686 /* Sources */,
				247F149120061F4F00C2D686 /* Frameworks */,
				247F149220061F4F00C2D686 /* Resources */,
			);
			buildRules = (
			);
			dependencies = (
			);
			name = MilliShare;
			productName = MilliShare;
			productReference = 247F149420061F4F00C2D686 /* MilliShare.appex */;
			productType = "com.apple.product-type.app-extension";
		};
		247F70361FC2C8460072C3CE /* Milli */ = {
			isa = PBXNativeTarget;
			buildConfigurationList = 247F705F1FC2C8470072C3CE /* Build configuration list for PBXNativeTarget "Milli" */;
			buildPhases = (
				247F70331FC2C8460072C3CE /* Sources */,
				247F70341FC2C8460072C3CE /* Frameworks */,
				247F70351FC2C8460072C3CE /* Resources */,
				247F14A220061F4F00C2D686 /* Embed App Extensions */,
			);
			buildRules = (
			);
			dependencies = (
				247F149D20061F4F00C2D686 /* PBXTargetDependency */,
			);
			name = Milli;
			productName = Milli;
			productReference = 247F70371FC2C8460072C3CE /* Milli.app */;
			productType = "com.apple.product-type.application";
		};
		247F704A1FC2C8460072C3CE /* MilliTests */ = {
			isa = PBXNativeTarget;
			buildConfigurationList = 247F70621FC2C8470072C3CE /* Build configuration list for PBXNativeTarget "MilliTests" */;
			buildPhases = (
				247F70471FC2C8460072C3CE /* Sources */,
				247F70481FC2C8460072C3CE /* Frameworks */,
				247F70491FC2C8460072C3CE /* Resources */,
			);
			buildRules = (
			);
			dependencies = (
				247F704D1FC2C8460072C3CE /* PBXTargetDependency */,
			);
			name = MilliTests;
			productName = MilliTests;
			productReference = 247F704B1FC2C8460072C3CE /* MilliTests.xctest */;
			productType = "com.apple.product-type.bundle.unit-test";
		};
		247F70551FC2C8460072C3CE /* MilliUITests */ = {
			isa = PBXNativeTarget;
			buildConfigurationList = 247F70651FC2C8470072C3CE /* Build configuration list for PBXNativeTarget "MilliUITests" */;
			buildPhases = (
				247F70521FC2C8460072C3CE /* Sources */,
				247F70531FC2C8460072C3CE /* Frameworks */,
				247F70541FC2C8460072C3CE /* Resources */,
			);
			buildRules = (
			);
			dependencies = (
				247F70581FC2C8460072C3CE /* PBXTargetDependency */,
			);
			name = MilliUITests;
			productName = MilliUITests;
			productReference = 247F70561FC2C8460072C3CE /* MilliUITests.xctest */;
			productType = "com.apple.product-type.bundle.ui-testing";
		};
/* End PBXNativeTarget section */

/* Begin PBXProject section */
		247F702F1FC2C8460072C3CE /* Project object */ = {
			isa = PBXProject;
			attributes = {
				LastSwiftUpdateCheck = 0920;
				LastUpgradeCheck = 0930;
				ORGANIZATIONNAME = Milli;
				TargetAttributes = {
					247F149320061F4F00C2D686 = {
						CreatedOnToolsVersion = 9.2;
						ProvisioningStyle = Automatic;
						SystemCapabilities = {
							com.apple.ApplicationGroups.iOS = {
								enabled = 1;
							};
						};
					};
					247F70361FC2C8460072C3CE = {
						CreatedOnToolsVersion = 9.1;
						ProvisioningStyle = Automatic;
						SystemCapabilities = {
							com.apple.ApplicationGroups.iOS = {
								enabled = 1;
							};
						};
					};
					247F704A1FC2C8460072C3CE = {
						CreatedOnToolsVersion = 9.1;
						ProvisioningStyle = Automatic;
						TestTargetID = 247F70361FC2C8460072C3CE;
					};
					247F70551FC2C8460072C3CE = {
						CreatedOnToolsVersion = 9.1;
						ProvisioningStyle = Automatic;
						TestTargetID = 247F70361FC2C8460072C3CE;
					};
				};
			};
			buildConfigurationList = 247F70321FC2C8460072C3CE /* Build configuration list for PBXProject "Milli" */;
			compatibilityVersion = "Xcode 8.0";
			developmentRegion = en;
			hasScannedForEncodings = 0;
			knownRegions = (
				en,
				Base,
			);
			mainGroup = 247F702E1FC2C8460072C3CE;
			productRefGroup = 247F70381FC2C8460072C3CE /* Products */;
			projectDirPath = "";
			projectRoot = "";
			targets = (
				247F70361FC2C8460072C3CE /* Milli */,
				247F149320061F4F00C2D686 /* MilliShare */,
				247F704A1FC2C8460072C3CE /* MilliTests */,
				247F70551FC2C8460072C3CE /* MilliUITests */,
			);
		};
/* End PBXProject section */

/* Begin PBXResourcesBuildPhase section */
		247F149220061F4F00C2D686 /* Resources */ = {
			isa = PBXResourcesBuildPhase;
			buildActionMask = 2147483647;
			files = (
				67FBC24C2096713A00D910D2 /* Assets.xcassets in Resources */,
				247F149A20061F4F00C2D686 /* MainInterface.storyboard in Resources */,
			);
			runOnlyForDeploymentPostprocessing = 0;
		};
		247F70351FC2C8460072C3CE /* Resources */ = {
			isa = PBXResourcesBuildPhase;
			buildActionMask = 2147483647;
			files = (
				247F70451FC2C8460072C3CE /* LaunchScreen.storyboard in Resources */,
				247F70421FC2C8460072C3CE /* Assets.xcassets in Resources */,
				247F70401FC2C8460072C3CE /* Main.storyboard in Resources */,
			);
			runOnlyForDeploymentPostprocessing = 0;
		};
		247F70491FC2C8460072C3CE /* Resources */ = {
			isa = PBXResourcesBuildPhase;
			buildActionMask = 2147483647;
			files = (
			);
			runOnlyForDeploymentPostprocessing = 0;
		};
		247F70541FC2C8460072C3CE /* Resources */ = {
			isa = PBXResourcesBuildPhase;
			buildActionMask = 2147483647;
			files = (
			);
			runOnlyForDeploymentPostprocessing = 0;
		};
/* End PBXResourcesBuildPhase section */

/* Begin PBXSourcesBuildPhase section */
		247F149020061F4F00C2D686 /* Sources */ = {
			isa = PBXSourcesBuildPhase;
			buildActionMask = 2147483647;
			files = (
				247F149720061F4F00C2D686 /* ShareViewController.swift in Sources */,
			);
			runOnlyForDeploymentPostprocessing = 0;
		};
		247F70331FC2C8460072C3CE /* Sources */ = {
			isa = PBXSourcesBuildPhase;
			buildActionMask = 2147483647;
			files = (
				246AAC381FDE15BE00E2E708 /* Utility.swift in Sources */,
				247F703B1FC2C8460072C3CE /* AppDelegate.swift in Sources */,
				24A11BBC2030FB340073EB95 /* AWSClient.swift in Sources */,
				245E18E4209680FA008B7E5A /* AudioPlayer.swift in Sources */,
				243338501FD3764500967288 /* MainTableViewCell.swift in Sources */,
				2433384E1FD36CD500967288 /* HomeViewController.swift in Sources */,
				243550AF20556B950007E21D /* Globals.swift in Sources */,
				246AAC3A1FDE172800E2E708 /* Article.swift in Sources */,
			);
			runOnlyForDeploymentPostprocessing = 0;
		};
		247F70471FC2C8460072C3CE /* Sources */ = {
			isa = PBXSourcesBuildPhase;
			buildActionMask = 2147483647;
			files = (
				247F70501FC2C8460072C3CE /* MilliTests.swift in Sources */,
			);
			runOnlyForDeploymentPostprocessing = 0;
		};
		247F70521FC2C8460072C3CE /* Sources */ = {
			isa = PBXSourcesBuildPhase;
			buildActionMask = 2147483647;
			files = (
				247F705B1FC2C8460072C3CE /* MilliUITests.swift in Sources */,
			);
			runOnlyForDeploymentPostprocessing = 0;
		};
/* End PBXSourcesBuildPhase section */

/* Begin PBXTargetDependency section */
		247F149D20061F4F00C2D686 /* PBXTargetDependency */ = {
			isa = PBXTargetDependency;
			target = 247F149320061F4F00C2D686 /* MilliShare */;
			targetProxy = 247F149C20061F4F00C2D686 /* PBXContainerItemProxy */;
		};
		247F704D1FC2C8460072C3CE /* PBXTargetDependency */ = {
			isa = PBXTargetDependency;
			target = 247F70361FC2C8460072C3CE /* Milli */;
			targetProxy = 247F704C1FC2C8460072C3CE /* PBXContainerItemProxy */;
		};
		247F70581FC2C8460072C3CE /* PBXTargetDependency */ = {
			isa = PBXTargetDependency;
			target = 247F70361FC2C8460072C3CE /* Milli */;
			targetProxy = 247F70571FC2C8460072C3CE /* PBXContainerItemProxy */;
		};
/* End PBXTargetDependency section */

/* Begin PBXVariantGroup section */
		247F149820061F4F00C2D686 /* MainInterface.storyboard */ = {
			isa = PBXVariantGroup;
			children = (
				247F149920061F4F00C2D686 /* Base */,
			);
			name = MainInterface.storyboard;
			sourceTree = "<group>";
		};
		247F703E1FC2C8460072C3CE /* Main.storyboard */ = {
			isa = PBXVariantGroup;
			children = (
				247F703F1FC2C8460072C3CE /* Base */,
			);
			name = Main.storyboard;
			sourceTree = "<group>";
		};
		247F70431FC2C8460072C3CE /* LaunchScreen.storyboard */ = {
			isa = PBXVariantGroup;
			children = (
				247F70441FC2C8460072C3CE /* Base */,
			);
			name = LaunchScreen.storyboard;
			sourceTree = "<group>";
		};
/* End PBXVariantGroup section */

/* Begin XCBuildConfiguration section */
		247F14A020061F4F00C2D686 /* Debug */ = {
			isa = XCBuildConfiguration;
			buildSettings = {
				CODE_SIGN_ENTITLEMENTS = MilliShare/MilliShare.entitlements;
				CODE_SIGN_IDENTITY = "iPhone Developer";
				CODE_SIGN_STYLE = Automatic;
				DEVELOPMENT_TEAM = 8KWZL9VH93;
				INFOPLIST_FILE = MilliShare/Info.plist;
				IPHONEOS_DEPLOYMENT_TARGET = 11.2;
				LD_RUNPATH_SEARCH_PATHS = "$(inherited) @executable_path/Frameworks @executable_path/../../Frameworks";
				PRODUCT_BUNDLE_IDENTIFIER = com.Milli.MilliApp.MilliShare;
				PRODUCT_NAME = "$(TARGET_NAME)";
				PROVISIONING_PROFILE_SPECIFIER = "";
				SKIP_INSTALL = YES;
				SWIFT_VERSION = 4.0;
				TARGETED_DEVICE_FAMILY = "1,2";
			};
			name = Debug;
		};
		247F14A120061F4F00C2D686 /* Release */ = {
			isa = XCBuildConfiguration;
			buildSettings = {
				CODE_SIGN_ENTITLEMENTS = MilliShare/MilliShare.entitlements;
				CODE_SIGN_IDENTITY = "iPhone Developer";
				CODE_SIGN_STYLE = Automatic;
				DEVELOPMENT_TEAM = 8KWZL9VH93;
				INFOPLIST_FILE = MilliShare/Info.plist;
				IPHONEOS_DEPLOYMENT_TARGET = 11.2;
				LD_RUNPATH_SEARCH_PATHS = "$(inherited) @executable_path/Frameworks @executable_path/../../Frameworks";
				PRODUCT_BUNDLE_IDENTIFIER = com.Milli.MilliApp.MilliShare;
				PRODUCT_NAME = "$(TARGET_NAME)";
				PROVISIONING_PROFILE_SPECIFIER = "";
				SKIP_INSTALL = YES;
				SWIFT_VERSION = 4.0;
				TARGETED_DEVICE_FAMILY = "1,2";
			};
			name = Release;
		};
		247F705D1FC2C8470072C3CE /* Debug */ = {
			isa = XCBuildConfiguration;
			buildSettings = {
				ALWAYS_SEARCH_USER_PATHS = NO;
				CLANG_ANALYZER_NONNULL = YES;
				CLANG_ANALYZER_NUMBER_OBJECT_CONVERSION = YES_AGGRESSIVE;
				CLANG_CXX_LANGUAGE_STANDARD = "gnu++14";
				CLANG_CXX_LIBRARY = "libc++";
				CLANG_ENABLE_MODULES = YES;
				CLANG_ENABLE_OBJC_ARC = YES;
				CLANG_WARN_BLOCK_CAPTURE_AUTORELEASING = YES;
				CLANG_WARN_BOOL_CONVERSION = YES;
				CLANG_WARN_COMMA = YES;
				CLANG_WARN_CONSTANT_CONVERSION = YES;
				CLANG_WARN_DEPRECATED_OBJC_IMPLEMENTATIONS = YES;
				CLANG_WARN_DIRECT_OBJC_ISA_USAGE = YES_ERROR;
				CLANG_WARN_DOCUMENTATION_COMMENTS = YES;
				CLANG_WARN_EMPTY_BODY = YES;
				CLANG_WARN_ENUM_CONVERSION = YES;
				CLANG_WARN_INFINITE_RECURSION = YES;
				CLANG_WARN_INT_CONVERSION = YES;
				CLANG_WARN_NON_LITERAL_NULL_CONVERSION = YES;
				CLANG_WARN_OBJC_IMPLICIT_RETAIN_SELF = YES;
				CLANG_WARN_OBJC_LITERAL_CONVERSION = YES;
				CLANG_WARN_OBJC_ROOT_CLASS = YES_ERROR;
				CLANG_WARN_RANGE_LOOP_ANALYSIS = YES;
				CLANG_WARN_STRICT_PROTOTYPES = YES;
				CLANG_WARN_SUSPICIOUS_MOVE = YES;
				CLANG_WARN_UNGUARDED_AVAILABILITY = YES_AGGRESSIVE;
				CLANG_WARN_UNREACHABLE_CODE = YES;
				CLANG_WARN__DUPLICATE_METHOD_MATCH = YES;
				CODE_SIGN_IDENTITY = "iPhone Developer";
				COPY_PHASE_STRIP = NO;
				DEBUG_INFORMATION_FORMAT = dwarf;
				ENABLE_STRICT_OBJC_MSGSEND = YES;
				ENABLE_TESTABILITY = YES;
				GCC_C_LANGUAGE_STANDARD = gnu11;
				GCC_DYNAMIC_NO_PIC = NO;
				GCC_NO_COMMON_BLOCKS = YES;
				GCC_OPTIMIZATION_LEVEL = 0;
				GCC_PREPROCESSOR_DEFINITIONS = (
					"DEBUG=1",
					"$(inherited)",
				);
				GCC_WARN_64_TO_32_BIT_CONVERSION = YES;
				GCC_WARN_ABOUT_RETURN_TYPE = YES_ERROR;
				GCC_WARN_UNDECLARED_SELECTOR = YES;
				GCC_WARN_UNINITIALIZED_AUTOS = YES_AGGRESSIVE;
				GCC_WARN_UNUSED_FUNCTION = YES;
				GCC_WARN_UNUSED_VARIABLE = YES;
				IPHONEOS_DEPLOYMENT_TARGET = 11.1;
				MTL_ENABLE_DEBUG_INFO = YES;
				ONLY_ACTIVE_ARCH = YES;
				SDKROOT = iphoneos;
				SWIFT_ACTIVE_COMPILATION_CONDITIONS = DEBUG;
				SWIFT_OPTIMIZATION_LEVEL = "-Onone";
			};
			name = Debug;
		};
		247F705E1FC2C8470072C3CE /* Release */ = {
			isa = XCBuildConfiguration;
			buildSettings = {
				ALWAYS_SEARCH_USER_PATHS = NO;
				CLANG_ANALYZER_NONNULL = YES;
				CLANG_ANALYZER_NUMBER_OBJECT_CONVERSION = YES_AGGRESSIVE;
				CLANG_CXX_LANGUAGE_STANDARD = "gnu++14";
				CLANG_CXX_LIBRARY = "libc++";
				CLANG_ENABLE_MODULES = YES;
				CLANG_ENABLE_OBJC_ARC = YES;
				CLANG_WARN_BLOCK_CAPTURE_AUTORELEASING = YES;
				CLANG_WARN_BOOL_CONVERSION = YES;
				CLANG_WARN_COMMA = YES;
				CLANG_WARN_CONSTANT_CONVERSION = YES;
				CLANG_WARN_DEPRECATED_OBJC_IMPLEMENTATIONS = YES;
				CLANG_WARN_DIRECT_OBJC_ISA_USAGE = YES_ERROR;
				CLANG_WARN_DOCUMENTATION_COMMENTS = YES;
				CLANG_WARN_EMPTY_BODY = YES;
				CLANG_WARN_ENUM_CONVERSION = YES;
				CLANG_WARN_INFINITE_RECURSION = YES;
				CLANG_WARN_INT_CONVERSION = YES;
				CLANG_WARN_NON_LITERAL_NULL_CONVERSION = YES;
				CLANG_WARN_OBJC_IMPLICIT_RETAIN_SELF = YES;
				CLANG_WARN_OBJC_LITERAL_CONVERSION = YES;
				CLANG_WARN_OBJC_ROOT_CLASS = YES_ERROR;
				CLANG_WARN_RANGE_LOOP_ANALYSIS = YES;
				CLANG_WARN_STRICT_PROTOTYPES = YES;
				CLANG_WARN_SUSPICIOUS_MOVE = YES;
				CLANG_WARN_UNGUARDED_AVAILABILITY = YES_AGGRESSIVE;
				CLANG_WARN_UNREACHABLE_CODE = YES;
				CLANG_WARN__DUPLICATE_METHOD_MATCH = YES;
				CODE_SIGN_IDENTITY = "iPhone Developer";
				COPY_PHASE_STRIP = NO;
				DEBUG_INFORMATION_FORMAT = "dwarf-with-dsym";
				ENABLE_NS_ASSERTIONS = NO;
				ENABLE_STRICT_OBJC_MSGSEND = YES;
				GCC_C_LANGUAGE_STANDARD = gnu11;
				GCC_NO_COMMON_BLOCKS = YES;
				GCC_WARN_64_TO_32_BIT_CONVERSION = YES;
				GCC_WARN_ABOUT_RETURN_TYPE = YES_ERROR;
				GCC_WARN_UNDECLARED_SELECTOR = YES;
				GCC_WARN_UNINITIALIZED_AUTOS = YES_AGGRESSIVE;
				GCC_WARN_UNUSED_FUNCTION = YES;
				GCC_WARN_UNUSED_VARIABLE = YES;
				IPHONEOS_DEPLOYMENT_TARGET = 11.1;
				MTL_ENABLE_DEBUG_INFO = NO;
				SDKROOT = iphoneos;
				SWIFT_OPTIMIZATION_LEVEL = "-Owholemodule";
				VALIDATE_PRODUCT = YES;
			};
			name = Release;
		};
		247F70601FC2C8470072C3CE /* Debug */ = {
			isa = XCBuildConfiguration;
			buildSettings = {
				ALWAYS_EMBED_SWIFT_STANDARD_LIBRARIES = YES;
				ASSETCATALOG_COMPILER_APPICON_NAME = AppIcon;
				CODE_SIGN_ENTITLEMENTS = Milli/Milli.entitlements;
				CODE_SIGN_IDENTITY = "iPhone Developer";
				CODE_SIGN_STYLE = Automatic;
				DEVELOPMENT_TEAM = 8KWZL9VH93;
				INFOPLIST_FILE = Milli/Info.plist;
				LD_RUNPATH_SEARCH_PATHS = "$(inherited) @executable_path/Frameworks";
				PRODUCT_BUNDLE_IDENTIFIER = com.Milli.MilliApp;
				PRODUCT_NAME = "$(TARGET_NAME)";
				PROVISIONING_PROFILE_SPECIFIER = "";
				SWIFT_OBJC_BRIDGING_HEADER = "Milli/Milli-Bridging-Header.h";
				SWIFT_VERSION = 4.0;
				TARGETED_DEVICE_FAMILY = "1,2";
			};
			name = Debug;
		};
		247F70611FC2C8470072C3CE /* Release */ = {
			isa = XCBuildConfiguration;
			buildSettings = {
				ALWAYS_EMBED_SWIFT_STANDARD_LIBRARIES = YES;
				ASSETCATALOG_COMPILER_APPICON_NAME = AppIcon;
				CODE_SIGN_ENTITLEMENTS = Milli/Milli.entitlements;
				CODE_SIGN_IDENTITY = "iPhone Developer";
				CODE_SIGN_STYLE = Automatic;
				DEVELOPMENT_TEAM = 8KWZL9VH93;
				INFOPLIST_FILE = Milli/Info.plist;
				LD_RUNPATH_SEARCH_PATHS = "$(inherited) @executable_path/Frameworks";
				PRODUCT_BUNDLE_IDENTIFIER = com.Milli.MilliApp;
				PRODUCT_NAME = "$(TARGET_NAME)";
				PROVISIONING_PROFILE_SPECIFIER = "";
				SWIFT_OBJC_BRIDGING_HEADER = "Milli/Milli-Bridging-Header.h";
				SWIFT_VERSION = 4.0;
				TARGETED_DEVICE_FAMILY = "1,2";
			};
			name = Release;
		};
		247F70631FC2C8470072C3CE /* Debug */ = {
			isa = XCBuildConfiguration;
			buildSettings = {
				ALWAYS_EMBED_SWIFT_STANDARD_LIBRARIES = YES;
				BUNDLE_LOADER = "$(TEST_HOST)";
				CODE_SIGN_STYLE = Automatic;
				INFOPLIST_FILE = MilliTests/Info.plist;
				LD_RUNPATH_SEARCH_PATHS = "$(inherited) @executable_path/Frameworks @loader_path/Frameworks";
				PRODUCT_BUNDLE_IDENTIFIER = com.Milli.MilliTests;
				PRODUCT_NAME = "$(TARGET_NAME)";
				SWIFT_VERSION = 4.0;
				TARGETED_DEVICE_FAMILY = "1,2";
				TEST_HOST = "$(BUILT_PRODUCTS_DIR)/Milli.app/Milli";
			};
			name = Debug;
		};
		247F70641FC2C8470072C3CE /* Release */ = {
			isa = XCBuildConfiguration;
			buildSettings = {
				ALWAYS_EMBED_SWIFT_STANDARD_LIBRARIES = YES;
				BUNDLE_LOADER = "$(TEST_HOST)";
				CODE_SIGN_STYLE = Automatic;
				INFOPLIST_FILE = MilliTests/Info.plist;
				LD_RUNPATH_SEARCH_PATHS = "$(inherited) @executable_path/Frameworks @loader_path/Frameworks";
				PRODUCT_BUNDLE_IDENTIFIER = com.Milli.MilliTests;
				PRODUCT_NAME = "$(TARGET_NAME)";
				SWIFT_VERSION = 4.0;
				TARGETED_DEVICE_FAMILY = "1,2";
				TEST_HOST = "$(BUILT_PRODUCTS_DIR)/Milli.app/Milli";
			};
			name = Release;
		};
		247F70661FC2C8470072C3CE /* Debug */ = {
			isa = XCBuildConfiguration;
			buildSettings = {
				ALWAYS_EMBED_SWIFT_STANDARD_LIBRARIES = YES;
				CODE_SIGN_STYLE = Automatic;
				INFOPLIST_FILE = MilliUITests/Info.plist;
				LD_RUNPATH_SEARCH_PATHS = "$(inherited) @executable_path/Frameworks @loader_path/Frameworks";
				PRODUCT_BUNDLE_IDENTIFIER = com.Milli.MilliUITests;
				PRODUCT_NAME = "$(TARGET_NAME)";
				SWIFT_VERSION = 4.0;
				TARGETED_DEVICE_FAMILY = "1,2";
				TEST_TARGET_NAME = Milli;
			};
			name = Debug;
		};
		247F70671FC2C8470072C3CE /* Release */ = {
			isa = XCBuildConfiguration;
			buildSettings = {
				ALWAYS_EMBED_SWIFT_STANDARD_LIBRARIES = YES;
				CODE_SIGN_STYLE = Automatic;
				INFOPLIST_FILE = MilliUITests/Info.plist;
				LD_RUNPATH_SEARCH_PATHS = "$(inherited) @executable_path/Frameworks @loader_path/Frameworks";
				PRODUCT_BUNDLE_IDENTIFIER = com.Milli.MilliUITests;
				PRODUCT_NAME = "$(TARGET_NAME)";
				SWIFT_VERSION = 4.0;
				TARGETED_DEVICE_FAMILY = "1,2";
				TEST_TARGET_NAME = Milli;
			};
			name = Release;
		};
/* End XCBuildConfiguration section */

/* Begin XCConfigurationList section */
		247F149F20061F4F00C2D686 /* Build configuration list for PBXNativeTarget "MilliShare" */ = {
			isa = XCConfigurationList;
			buildConfigurations = (
				247F14A020061F4F00C2D686 /* Debug */,
				247F14A120061F4F00C2D686 /* Release */,
			);
			defaultConfigurationIsVisible = 0;
			defaultConfigurationName = Release;
		};
		247F70321FC2C8460072C3CE /* Build configuration list for PBXProject "Milli" */ = {
			isa = XCConfigurationList;
			buildConfigurations = (
				247F705D1FC2C8470072C3CE /* Debug */,
				247F705E1FC2C8470072C3CE /* Release */,
			);
			defaultConfigurationIsVisible = 0;
			defaultConfigurationName = Release;
		};
		247F705F1FC2C8470072C3CE /* Build configuration list for PBXNativeTarget "Milli" */ = {
			isa = XCConfigurationList;
			buildConfigurations = (
				247F70601FC2C8470072C3CE /* Debug */,
				247F70611FC2C8470072C3CE /* Release */,
			);
			defaultConfigurationIsVisible = 0;
			defaultConfigurationName = Release;
		};
		247F70621FC2C8470072C3CE /* Build configuration list for PBXNativeTarget "MilliTests" */ = {
			isa = XCConfigurationList;
			buildConfigurations = (
				247F70631FC2C8470072C3CE /* Debug */,
				247F70641FC2C8470072C3CE /* Release */,
			);
			defaultConfigurationIsVisible = 0;
			defaultConfigurationName = Release;
		};
		247F70651FC2C8470072C3CE /* Build configuration list for PBXNativeTarget "MilliUITests" */ = {
			isa = XCConfigurationList;
			buildConfigurations = (
				247F70661FC2C8470072C3CE /* Debug */,
				247F70671FC2C8470072C3CE /* Release */,
			);
			defaultConfigurationIsVisible = 0;
			defaultConfigurationName = Release;
		};
/* End XCConfigurationList section */
	};
	rootObject = 247F702F1FC2C8460072C3CE /* Project object */;
}
